github.com/go-swagno/swagno v0.5.0 h1:QkU1qEI1ohgrsbIQy4RxvQmVB3Cp5uNLrss2pJfQeRk=
github.com/go-swagno/swagno v0.5.0/go.mod h1:IS/D8tDlSeB4GSfdBpMV8p5Tqv4udkd3GUXLyrX2Jtc=
github.com/go-swagno/swagno-files v0.1.3 h1:L8qWWbClOXXIBZiknHydygLU77bDawzUXCJg4evDfMA=
github.com/go-swagno/swagno-files v0.1.3/go.mod h1:SY6IrcEspFFlVKxduEU1qnrZnu+E6HJKaWfsssvu8Ts=
github.com/go-swagno/swagno-http v0.0.0-20220905203049-935bab5403fa h1:Qc3UDROtOWYgNDeN3fEcs10oL7izQK96oDINjpH2Sow=
github.com/go-swagno/swagno-http v0.0.0-20220905203049-935bab5403fa/go.mod h1:/IjDWS2dwjMfzOIkxBgL3KLOnx51WA2bspXg92LQKik=
github.com/gorilla/mux v1.8.0 h1:i40aqfkR1h2SlN9hojwV5ZA91wcXFOvkdNIeFDP5koI=
github.com/gorilla/mux v1.8.0/go.mod h1:DVbg23sWSpFRCP0SfiEN6jmj59UnW/n46BH5rLB71So=
golang.org/x/net v0.17.0 h1:pVaXccu2ozPjCXewfr1S7xza/zcXTity9cCdXQYSjIM=
golang.org/x/net v0.17.0/go.mod h1:NxSsAGuq816PNPmqtQdLE42eU2Fs7NoRIZrHJAlaCOE=
